
Microsoft Visual Studio Solution File, Format Version 12.00
# Visual Studio Version 16
VisualStudioVersion = 16.0.33130.400
MinimumVisualStudioVersion = 10.0.40219.1
Project("{FAE04EC0-301F-11D3-BF4B-00C04F79EFBC}") = "LabirintGame", "LabirintGame\LabirintGame.csproj", "{F1811B90-8F25-435B-B9E0-B4C8645F503E}"
EndProject
Global
	GlobalSection(SolutionConfigurationPlatforms) = preSolution
		Debug|Any CPU = Debug|Any CPU
		Release|Any CPU = Release|Any CPU
	EndGlobalSection
	GlobalSection(ProjectConfigurationPlatforms) = postSolution
		{F1811B90-8F25-435B-B9E0-B4C8645F503E}.Debug|Any CPU.ActiveCfg = Debug|Any CPU
		{F1811B90-8F25-435B-B9E0-B4C8645F503E}.Debug|Any CPU.Build.0 = Debug|Any CPU
		{F1811B90-8F25-435B-B9E0-B4C8645F503E}.Release|Any CPU.ActiveCfg = Release|Any CPU
		{F1811B90-8F25-435B-B9E0-B4C8645F503E}.Release|Any CPU.Build.0 = Release|Any CPU
	EndGlobalSection
	GlobalSection(SolutionProperties) = preSolution
		HideSolutionNode = FALSE
	EndGlobalSection
	GlobalSection(ExtensibilityGlobals) = postSolution
		SolutionGuid = {EE5D2B19-88A0-4CA7-A83B-3C5A956E14F3}
	EndGlobalSection
EndGlobal
